// !$*UTF8*$!
{
	archiveVersion = 1;
	classes = {
	};
	objectVersion = 50;
	objects = {

/* Begin PBXBuildFile section */
		87882DB2267C703F00FBCEF4 /* AppDelegate.swift in Sources */ = {isa = PBXBuildFile; fileRef = 87882DB1267C703F00FBCEF4 /* AppDelegate.swift */; };
		87882DB4267C703F00FBCEF4 /* SceneDelegate.swift in Sources */ = {isa = PBXBuildFile; fileRef = 87882DB3267C703F00FBCEF4 /* SceneDelegate.swift */; };
		87882DB6267C703F00FBCEF4 /* CP1_ViewController.swift in Sources */ = {isa = PBXBuildFile; fileRef = 87882DB5267C703F00FBCEF4 /* CP1_ViewController.swift */; };
		87882DB9267C703F00FBCEF4 /* Main.storyboard in Resources */ = {isa = PBXBuildFile; fileRef = 87882DB7267C703F00FBCEF4 /* Main.storyboard */; };
		87882DBB267C703F00FBCEF4 /* Assets.xcassets in Resources */ = {isa = PBXBuildFile; fileRef = 87882DBA267C703F00FBCEF4 /* Assets.xcassets */; };
		87882DBE267C703F00FBCEF4 /* LaunchScreen.storyboard in Resources */ = {isa = PBXBuildFile; fileRef = 87882DBC267C703F00FBCEF4 /* LaunchScreen.storyboard */; };
		87D8ADC22681C91C006BF97B /* CP2_ViewController.swift in Sources */ = {isa = PBXBuildFile; fileRef = 87D8ADC12681C91C006BF97B /* CP2_ViewController.swift */; };
		87D8ADC42681C9A7006BF97B /* CP2_Concentration.swift in Sources */ = {isa = PBXBuildFile; fileRef = 87D8ADC32681C9A7006BF97B /* CP2_Concentration.swift */; };
		87D8ADC62681CA64006BF97B /* CP2_Card.swift in Sources */ = {isa = PBXBuildFile; fileRef = 87D8ADC52681CA64006BF97B /* CP2_Card.swift */; };
/* End PBXBuildFile section */

/* Begin PBXFileReference section */
		87882DAE267C703F00FBCEF4 /* Study_Stanford.app */ = {isa = PBXFileReference; explicitFileType = wrapper.application; includeInIndex = 0; path = Study_Stanford.app; sourceTree = BUILT_PRODUCTS_DIR; };
		87882DB1267C703F00FBCEF4 /* AppDelegate.swift */ = {isa = PBXFileReference; lastKnownFileType = sourcecode.swift; path = AppDelegate.swift; sourceTree = "<group>"; };
		87882DB3267C703F00FBCEF4 /* SceneDelegate.swift */ = {isa = PBXFileReference; lastKnownFileType = sourcecode.swift; path = SceneDelegate.swift; sourceTree = "<group>"; };
		87882DB5267C703F00FBCEF4 /* CP1_ViewController.swift */ = {isa = PBXFileReference; lastKnownFileType = sourcecode.swift; path = CP1_ViewController.swift; sourceTree = "<group>"; };
		87882DB8267C703F00FBCEF4 /* Base */ = {isa = PBXFileReference; lastKnownFileType = file.storyboard; name = Base; path = Base.lproj/Main.storyboard; sourceTree = "<group>"; };
		87882DBA267C703F00FBCEF4 /* Assets.xcassets */ = {isa = PBXFileReference; lastKnownFileType = folder.assetcatalog; path = Assets.xcassets; sourceTree = "<group>"; };
		87882DBD267C703F00FBCEF4 /* Base */ = {isa = PBXFileReference; lastKnownFileType = file.storyboard; name = Base; path = Base.lproj/LaunchScreen.storyboard; sourceTree = "<group>"; };
		87882DBF267C703F00FBCEF4 /* Info.plist */ = {isa = PBXFileReference; lastKnownFileType = text.plist.xml; path = Info.plist; sourceTree = "<group>"; };
		87D8ADC12681C91C006BF97B /* CP2_ViewController.swift */ = {isa = PBXFileReference; lastKnownFileType = sourcecode.swift; path = CP2_ViewController.swift; sourceTree = "<group>"; };
		87D8ADC32681C9A7006BF97B /* CP2_Concentration.swift */ = {isa = PBXFileReference; lastKnownFileType = sourcecode.swift; path = CP2_Concentration.swift; sourceTree = "<group>"; };
		87D8ADC52681CA64006BF97B /* CP2_Card.swift */ = {isa = PBXFileReference; lastKnownFileType = sourcecode.swift; path = CP2_Card.swift; sourceTree = "<group>"; };
/* End PBXFileReference section */

/* Begin PBXFrameworksBuildPhase section */
		87882DAB267C703F00FBCEF4 /* Frameworks */ = {
			isa = PBXFrameworksBuildPhase;
			buildActionMask = 2147483647;
			files = (
			);
			runOnlyForDeploymentPostprocessing = 0;
		};
/* End PBXFrameworksBuildPhase section */

/* Begin PBXGroup section */
		87882DA5267C703E00FBCEF4 = {
			isa = PBXGroup;
			children = (
				87882DB0267C703F00FBCEF4 /* Study_Stanford */,
				87882DAF267C703F00FBCEF4 /* Products */,
			);
			sourceTree = "<group>";
		};
		87882DAF267C703F00FBCEF4 /* Products */ = {
			isa = PBXGroup;
			children = (
				87882DAE267C703F00FBCEF4 /* Study_Stanford.app */,
			);
			name = Products;
			sourceTree = "<group>";
		};
		87882DB0267C703F00FBCEF4 /* Study_Stanford */ = {
			isa = PBXGroup;
			children = (
				87D8ADC72681CBF2006BF97B /* CP1 */,
				87D8ADC82681CC02006BF97B /* CP2 */,
				87882DB1267C703F00FBCEF4 /* AppDelegate.swift */,
				87882DB3267C703F00FBCEF4 /* SceneDelegate.swift */,
				87882DB7267C703F00FBCEF4 /* Main.storyboard */,
				87882DBA267C703F00FBCEF4 /* Assets.xcassets */,
				87882DBC267C703F00FBCEF4 /* LaunchScreen.storyboard */,
				87882DBF267C703F00FBCEF4 /* Info.plist */,
			);
			path = Study_Stanford;
			sourceTree = "<group>";
		};
		87D8ADC72681CBF2006BF97B /* CP1 */ = {
			isa = PBXGroup;
			children = (
				87882DB5267C703F00FBCEF4 /* CP1_ViewController.swift */,
			);
			path = CP1;
			sourceTree = "<group>";
		};
		87D8ADC82681CC02006BF97B /* CP2 */ = {
			isa = PBXGroup;
			children = (
				87D8ADC12681C91C006BF97B /* CP2_ViewController.swift */,
				87D8ADC32681C9A7006BF97B /* CP2_Concentration.swift */,
				87D8ADC52681CA64006BF97B /* CP2_Card.swift */,
			);
			path = CP2;
			sourceTree = "<group>";
		};
/* End PBXGroup section */

/* Begin PBXNativeTarget section */
		87882DAD267C703F00FBCEF4 /* Study_Stanford */ = {
			isa = PBXNativeTarget;
			buildConfigurationList = 87882DC2267C703F00FBCEF4 /* Build configuration list for PBXNativeTarget "Study_Stanford" */;
			buildPhases = (
				87882DAA267C703F00FBCEF4 /* Sources */,
				87882DAB267C703F00FBCEF4 /* Frameworks */,
				87882DAC267C703F00FBCEF4 /* Resources */,
			);
			buildRules = (
			);
			dependencies = (
			);
			name = Study_Stanford;
			productName = Study_Stanford;
			productReference = 87882DAE267C703F00FBCEF4 /* Study_Stanford.app */;
			productType = "com.apple.product-type.application";
		};
/* End PBXNativeTarget section */

/* Begin PBXProject section */
		87882DA6267C703E00FBCEF4 /* Project object */ = {
			isa = PBXProject;
			attributes = {
				LastSwiftUpdateCheck = 1250;
				LastUpgradeCheck = 1250;
				TargetAttributes = {
					87882DAD267C703F00FBCEF4 = {
						CreatedOnToolsVersion = 12.5;
					};
				};
			};
			buildConfigurationList = 87882DA9267C703E00FBCEF4 /* Build configuration list for PBXProject "Study_Stanford" */;
			compatibilityVersion = "Xcode 9.3";
			developmentRegion = en;
			hasScannedForEncodings = 0;
			knownRegions = (
				en,
				Base,
			);
			mainGroup = 87882DA5267C703E00FBCEF4;
			productRefGroup = 87882DAF267C703F00FBCEF4 /* Products */;
			projectDirPath = "";
			projectRoot = "";
			targets = (
				87882DAD267C703F00FBCEF4 /* Study_Stanford */,
			);
		};
/* End PBXProject section */

/* Begin PBXResourcesBuildPhase section */
		87882DAC267C703F00FBCEF4 /* Resources */ = {
			isa = PBXResourcesBuildPhase;
			buildActionMask = 2147483647;
			files = (
				87882DBE267C703F00FBCEF4 /* LaunchScreen.storyboard in Resources */,
				87882DBB267C703F00FBCEF4 /* Assets.xcassets in Resources */,
				87882DB9267C703F00FBCEF4 /* Main.storyboard in Resources */,
			);
			runOnlyForDeploymentPostprocessing = 0;
		};
/* End PBXResourcesBuildPhase section */

/* Begin PBXSourcesBuildPhase section */
		87882DAA267C703F00FBCEF4 /* Sources */ = {
			isa = PBXSourcesBuildPhase;
			buildActionMask = 2147483647;
			files = (
				87882DB6267C703F00FBCEF4 /* CP1_ViewController.swift in Sources */,
				87D8ADC22681C91C006BF97B /* CP2_ViewController.swift in Sources */,
				87D8ADC42681C9A7006BF97B /* CP2_Concentration.swift in Sources */,
				87D8ADC62681CA64006BF97B /* CP2_Card.swift in Sources */,
				87882DB2267C703F00FBCEF4 /* AppDelegate.swift in Sources */,
				87882DB4267C703F00FBCEF4 /* SceneDelegate.swift in Sources */,
			);
			runOnlyForDeploymentPostprocessing = 0;
		};
/* End PBXSourcesBuildPhase section */

/* Begin PBXVariantGroup section */
		87882DB7267C703F00FBCEF4 /* Main.storyboard */ = {
			isa = PBXVariantGroup;
			children = (
				87882DB8267C703F00FBCEF4 /* Base */,
			);
			name = Main.storyboard;
			sourceTree = "<group>";
		};
		87882DBC267C703F00FBCEF4 /* LaunchScreen.storyboard */ = {
			isa = PBXVariantGroup;
			children = (
				87882DBD267C703F00FBCEF4 /* Base */,
			);
			name = LaunchScreen.storyboard;
			sourceTree = "<group>";
		};
/* End PBXVariantGroup section */

/* Begin XCBuildConfiguration section */
		87882DC0267C703F00FBCEF4 /* Debug */ = {
			isa = XCBuildConfiguration;
			buildSettings = {
				ALWAYS_SEARCH_USER_PATHS = NO;
				CLANG_ANALYZER_NONNULL = YES;
				CLANG_ANALYZER_NUMBER_OBJECT_CONVERSION = YES_AGGRESSIVE;
				CLANG_CXX_LANGUAGE_STANDARD = "gnu++14";
				CLANG_CXX_LIBRARY = "libc++";
				CLANG_ENABLE_MODULES = YES;
				CLANG_ENABLE_OBJC_ARC = YES;
				CLANG_ENABLE_OBJC_WEAK = YES;
				CLANG_WARN_BLOCK_CAPTURE_AUTORELEASING = YES;
				CLANG_WARN_BOOL_CONVERSION = YES;
				CLANG_WARN_COMMA = YES;
				CLANG_WARN_CONSTANT_CONVERSION = YES;
				CLANG_WARN_DEPRECATED_OBJC_IMPLEMENTATIONS = YES;
				CLANG_WARN_DIRECT_OBJC_ISA_USAGE = YES_ERROR;
				CLANG_WARN_DOCUMENTATION_COMMENTS = YES;
				CLANG_WARN_EMPTY_BODY = YES;
				CLANG_WARN_ENUM_CONVERSION = YES;
				CLANG_WARN_INFINITE_RECURSION = YES;
				CLANG_WARN_INT_CONVERSION = YES;
				CLANG_WARN_NON_LITERAL_NULL_CONVERSION = YES;
				CLANG_WARN_OBJC_IMPLICIT_RETAIN_SELF = YES;
				CLANG_WARN_OBJC_LITERAL_CONVERSION = YES;
				CLANG_WARN_OBJC_ROOT_CLASS = YES_ERROR;
				CLANG_WARN_QUOTED_INCLUDE_IN_FRAMEWORK_HEADER = YES;
				CLANG_WARN_RANGE_LOOP_ANALYSIS = YES;
				CLANG_WARN_STRICT_PROTOTYPES = YES;
				CLANG_WARN_SUSPICIOUS_MOVE = YES;
				CLANG_WARN_UNGUARDED_AVAILABILITY = YES_AGGRESSIVE;
				CLANG_WARN_UNREACHABLE_CODE = YES;
				CLANG_WARN__DUPLICATE_METHOD_MATCH = YES;
				COPY_PHASE_STRIP = NO;
				DEBUG_INFORMATION_FORMAT = dwarf;
				ENABLE_STRICT_OBJC_MSGSEND = YES;
				ENABLE_TESTABILITY = YES;
				GCC_C_LANGUAGE_STANDARD = gnu11;
				GCC_DYNAMIC_NO_PIC = NO;
				GCC_NO_COMMON_BLOCKS = YES;
				GCC_OPTIMIZATION_LEVEL = 0;
				GCC_PREPROCESSOR_DEFINITIONS = (
					"DEBUG=1",
					"$(inherited)",
				);
				GCC_WARN_64_TO_32_BIT_CONVERSION = YES;
				GCC_WARN_ABOUT_RETURN_TYPE = YES_ERROR;
				GCC_WARN_UNDECLARED_SELECTOR = YES;
				GCC_WARN_UNINITIALIZED_AUTOS = YES_AGGRESSIVE;
				GCC_WARN_UNUSED_FUNCTION = YES;
				GCC_WARN_UNUSED_VARIABLE = YES;
				IPHONEOS_DEPLOYMENT_TARGET = 14.5;
				MTL_ENABLE_DEBUG_INFO = INCLUDE_SOURCE;
				MTL_FAST_MATH = YES;
				ONLY_ACTIVE_ARCH = YES;
				SDKROOT = iphoneos;
				SWIFT_ACTIVE_COMPILATION_CONDITIONS = DEBUG;
				SWIFT_OPTIMIZATION_LEVEL = "-Onone";
			};
			name = Debug;
		};
		87882DC1267C703F00FBCEF4 /* Release */ = {
			isa = XCBuildConfiguration;
			buildSettings = {
				ALWAYS_SEARCH_USER_PATHS = NO;
				CLANG_ANALYZER_NONNULL = YES;
				CLANG_ANALYZER_NUMBER_OBJECT_CONVERSION = YES_AGGRESSIVE;
				CLANG_CXX_LANGUAGE_STANDARD = "gnu++14";
				CLANG_CXX_LIBRARY = "libc++";
				CLANG_ENABLE_MODULES = YES;
				CLANG_ENABLE_OBJC_ARC = YES;
				CLANG_ENABLE_OBJC_WEAK = YES;
				CLANG_WARN_BLOCK_CAPTURE_AUTORELEASING = YES;
				CLANG_WARN_BOOL_CONVERSION = YES;
				CLANG_WARN_COMMA = YES;
				CLANG_WARN_CONSTANT_CONVERSION = YES;
				CLANG_WARN_DEPRECATED_OBJC_IMPLEMENTATIONS = YES;
				CLANG_WARN_DIRECT_OBJC_ISA_USAGE = YES_ERROR;
				CLANG_WARN_DOCUMENTATION_COMMENTS = YES;
				CLANG_WARN_EMPTY_BODY = YES;
				CLANG_WARN_ENUM_CONVERSION = YES;
				CLANG_WARN_INFINITE_RECURSION = YES;
				CLANG_WARN_INT_CONVERSION = YES;
				CLANG_WARN_NON_LITERAL_NULL_CONVERSION = YES;
				CLANG_WARN_OBJC_IMPLICIT_RETAIN_SELF = YES;
				CLANG_WARN_OBJC_LITERAL_CONVERSION = YES;
				CLANG_WARN_OBJC_ROOT_CLASS = YES_ERROR;
				CLANG_WARN_QUOTED_INCLUDE_IN_FRAMEWORK_HEADER = YES;
				CLANG_WARN_RANGE_LOOP_ANALYSIS = YES;
				CLANG_WARN_STRICT_PROTOTYPES = YES;
				CLANG_WARN_SUSPICIOUS_MOVE = YES;
				CLANG_WARN_UNGUARDED_AVAILABILITY = YES_AGGRESSIVE;
				CLANG_WARN_UNREACHABLE_CODE = YES;
				CLANG_WARN__DUPLICATE_METHOD_MATCH = YES;
				COPY_PHASE_STRIP = NO;
				DEBUG_INFORMATION_FORMAT = "dwarf-with-dsym";
				ENABLE_NS_ASSERTIONS = NO;
				ENABLE_STRICT_OBJC_MSGSEND = YES;
				GCC_C_LANGUAGE_STANDARD = gnu11;
				GCC_NO_COMMON_BLOCKS = YES;
				GCC_WARN_64_TO_32_BIT_CONVERSION = YES;
				GCC_WARN_ABOUT_RETURN_TYPE = YES_ERROR;
				GCC_WARN_UNDECLARED_SELECTOR = YES;
				GCC_WARN_UNINITIALIZED_AUTOS = YES_AGGRESSIVE;
				GCC_WARN_UNUSED_FUNCTION = YES;
				GCC_WARN_UNUSED_VARIABLE = YES;
				IPHONEOS_DEPLOYMENT_TARGET = 14.5;
				MTL_ENABLE_DEBUG_INFO = NO;
				MTL_FAST_MATH = YES;
				SDKROOT = iphoneos;
				SWIFT_COMPILATION_MODE = wholemodule;
				SWIFT_OPTIMIZATION_LEVEL = "-O";
				VALIDATE_PRODUCT = YES;
			};
			name = Release;
		};
		87882DC3267C703F00FBCEF4 /* Debug */ = {
			isa = XCBuildConfiguration;
			buildSettings = {
				ASSETCATALOG_COMPILER_APPICON_NAME = AppIcon;
				ASSETCATALOG_COMPILER_GLOBAL_ACCENT_COLOR_NAME = AccentColor;
				CODE_SIGN_STYLE = Automatic;
				DEVELOPMENT_TEAM = 2C96RNDN63;
				INFOPLIST_FILE = Study_Stanford/Info.plist;
				LD_RUNPATH_SEARCH_PATHS = (
					"$(inherited)",
					"@executable_path/Frameworks",
				);
				PRODUCT_BUNDLE_IDENTIFIER = "com.fdee.Study-Stanford";
				PRODUCT_NAME = "$(TARGET_NAME)";
				SWIFT_VERSION = 5.0;
				TARGETED_DEVICE_FAMILY = "1,2";
			};
			name = Debug;
		};
		87882DC4267C703F00FBCEF4 /* Release */ = {
			isa = XCBuildConfiguration;
			buildSettings = {
				ASSETCATALOG_COMPILER_APPICON_NAME = AppIcon;
				ASSETCATALOG_COMPILER_GLOBAL_ACCENT_COLOR_NAME = AccentColor;
				CODE_SIGN_STYLE = Automatic;
				DEVELOPMENT_TEAM = 2C96RNDN63;
				INFOPLIST_FILE = Study_Stanford/Info.plist;
				LD_RUNPATH_SEARCH_PATHS = (
					"$(inherited)",
					"@executable_path/Frameworks",
				);
				PRODUCT_BUNDLE_IDENTIFIER = "com.fdee.Study-Stanford";
				PRODUCT_NAME = "$(TARGET_NAME)";
				SWIFT_VERSION = 5.0;
				TARGETED_DEVICE_FAMILY = "1,2";
			};
			name = Release;
		};
/* End XCBuildConfiguration section */

/* Begin XCConfigurationList section */
		87882DA9267C703E00FBCEF4 /* Build configuration list for PBXProject "Study_Stanford" */ = {
			isa = XCConfigurationList;
			buildConfigurations = (
				87882DC0267C703F00FBCEF4 /* Debug */,
				87882DC1267C703F00FBCEF4 /* Release */,
			);
			defaultConfigurationIsVisible = 0;
			defaultConfigurationName = Release;
		};
		87882DC2267C703F00FBCEF4 /* Build configuration list for PBXNativeTarget "Study_Stanford" */ = {
			isa = XCConfigurationList;
			buildConfigurations = (
				87882DC3267C703F00FBCEF4 /* Debug */,
				87882DC4267C703F00FBCEF4 /* Release */,
			);
			defaultConfigurationIsVisible = 0;
			defaultConfigurationName = Release;
		};
/* End XCConfigurationList section */
	};
	rootObject = 87882DA6267C703E00FBCEF4 /* Project object */;
}
